
Microsoft Visual Studio Solution File, Format Version 12.00
# Visual Studio 15
VisualStudioVersion = 15.0.27130.2010
MinimumVisualStudioVersion = 10.0.40219.1
Project("{FAE04EC0-301F-11D3-BF4B-00C04F79EFBC}") = "Client_Server_Practice_1", "Client_Server_Practice_1\Client_Server_Practice_1.csproj", "{600245D9-7DF1-4979-97C4-497943174520}"
EndProject
Global
	GlobalSection(SolutionConfigurationPlatforms) = preSolution
		Debug|Any CPU = Debug|Any CPU
		Release|Any CPU = Release|Any CPU
	EndGlobalSection
	GlobalSection(ProjectConfigurationPlatforms) = postSolution
		{600245D9-7DF1-4979-97C4-497943174520}.Debug|Any CPU.ActiveCfg = Debug|Any CPU
		{600245D9-7DF1-4979-97C4-497943174520}.Debug|Any CPU.Build.0 = Debug|Any CPU
		{600245D9-7DF1-4979-97C4-497943174520}.Release|Any CPU.ActiveCfg = Release|Any CPU
		{600245D9-7DF1-4979-97C4-497943174520}.Release|Any CPU.Build.0 = Release|Any CPU
	EndGlobalSection
	GlobalSection(SolutionProperties) = preSolution
		HideSolutionNode = FALSE
	EndGlobalSection
	GlobalSection(ExtensibilityGlobals) = postSolution
		SolutionGuid = {D4A6959B-AE15-4D5B-AC27-D49266EDCE9F}
	EndGlobalSection
EndGlobal
